
Microsoft Visual Studio Solution File, Format Version 12.00
# Visual Studio 2013
VisualStudioVersion = 12.0.30110.0
MinimumVisualStudioVersion = 10.0.40219.1
Project("{2150E333-8FDC-42A3-9474-1A3956D46DE8}") = "Tests", "Tests", "{26A04B86-C877-4E45-8EBD-335573BA051B}"
	ProjectSection(SolutionItems) = preProject
		IntegrationTests.testsettings = IntegrationTests.testsettings
		UnitTests.testsettings = UnitTests.testsettings
	EndProjectSection
	ProjectSection(FolderGlobals) = preProject
		AllGreen_WebServer_Core_Tests_csproj_UseParentNamespace = False
		AllGreen_Runner_WPF_Tests_csproj_UseParentNamespace = False
	EndProjectSection
EndProject
Project("{FAE04EC0-301F-11D3-BF4B-00C04F79EFBC}") = "AllGreen.WebServer.Resources", "AllGreen.WebServer.Resources\AllGreen.WebServer.Resources.csproj", "{49B3C384-E5A6-4063-9271-BAE47E9D502C}"
EndProject
Project("{2150E333-8FDC-42A3-9474-1A3956D46DE8}") = "Solution Items", "Solution Items", "{9FF1764C-7892-4FD9-8E42-716FF69FA5D1}"
	ProjectSection(SolutionItems) = preProject
		WE-settings.xml = WE-settings.xml
	EndProjectSection
EndProject
Project("{FAE04EC0-301F-11D3-BF4B-00C04F79EFBC}") = "AllGreen.Runner.WPF", "AllGreen.Runner.WPF\AllGreen.Runner.WPF.csproj", "{E64045A6-56C2-414E-ABA1-19711BCC81C4}"
EndProject
Project("{FAE04EC0-301F-11D3-BF4B-00C04F79EFBC}") = "AllGreen.Runner.Console", "AllGreen.Runner.Console\AllGreen.Runner.Console.csproj", "{84DFDB76-3A56-467C-B915-128BC87DFC70}"
EndProject
Project("{FAE04EC0-301F-11D3-BF4B-00C04F79EFBC}") = "AllGreen.WebServer.Owin", "AllGreen.WebServer.Owin\AllGreen.WebServer.Owin.csproj", "{20EEB4C0-61AD-44DE-A582-A2355688C99A}"
EndProject
Project("{FAE04EC0-301F-11D3-BF4B-00C04F79EFBC}") = "AllGreen.WebServer.Owin.Tests", "AllGreen.WebServer.Owin.Tests\AllGreen.WebServer.Owin.Tests.csproj", "{7435C5BD-2469-4DC1-899F-224029FC7034}"
EndProject
Project("{FAE04EC0-301F-11D3-BF4B-00C04F79EFBC}") = "AllGreen.VS2013Integration", "AllGreen.VS2013Integration\AllGreen.VS2013Integration.csproj", "{8FDFCBBE-5919-48DF-B8C7-0A29D88716EC}"
EndProject
Project("{FAE04EC0-301F-11D3-BF4B-00C04F79EFBC}") = "AllGreen.VS2013Integration.Tests", "AllGreen.VS2013Integration.Tests\AllGreen.VS2013Integration.Tests.csproj", "{E003C37C-08D0-4247-A493-71C769BD3D64}"
EndProject
Project("{FAE04EC0-301F-11D3-BF4B-00C04F79EFBC}") = "AllGreen.Runner.WPF.Core", "AllGreen.Runner.WPF.Core\AllGreen.Runner.WPF.Core.csproj", "{7241AFA8-44A9-4C9D-AF6F-FDA42F08E8B3}"
EndProject
Project("{FAE04EC0-301F-11D3-BF4B-00C04F79EFBC}") = "AllGreen.Core", "AllGreen.Core\AllGreen.Core.csproj", "{FFD622DA-FBC0-4666-8F61-34920D3699D3}"
EndProject
Project("{FAE04EC0-301F-11D3-BF4B-00C04F79EFBC}") = "AllGreen.Core.Tests", "AllGreen.Core.Tests\AllGreen.Core.Tests.csproj", "{4761C8C6-96CD-4FC4-84DB-41FC1BB20B01}"
EndProject
Project("{FAE04EC0-301F-11D3-BF4B-00C04F79EFBC}") = "AllGreen.Runner.WPF.Core.Tests", "AllGreen.Runner.WPF.Core.Tests\AllGreen.Runner.WPF.Core.Tests.csproj", "{1D753730-F836-48BD-8018-E8C0F6E286FC}"
EndProject
Global
	GlobalSection(SolutionConfigurationPlatforms) = preSolution
		Debug|Any CPU = Debug|Any CPU
		Release|Any CPU = Release|Any CPU
	EndGlobalSection
	GlobalSection(ProjectConfigurationPlatforms) = postSolution
		{49B3C384-E5A6-4063-9271-BAE47E9D502C}.Debug|Any CPU.ActiveCfg = Debug|Any CPU
		{49B3C384-E5A6-4063-9271-BAE47E9D502C}.Debug|Any CPU.Build.0 = Debug|Any CPU
		{49B3C384-E5A6-4063-9271-BAE47E9D502C}.Release|Any CPU.ActiveCfg = Release|Any CPU
		{49B3C384-E5A6-4063-9271-BAE47E9D502C}.Release|Any CPU.Build.0 = Release|Any CPU
		{E64045A6-56C2-414E-ABA1-19711BCC81C4}.Debug|Any CPU.ActiveCfg = Debug|Any CPU
		{E64045A6-56C2-414E-ABA1-19711BCC81C4}.Debug|Any CPU.Build.0 = Debug|Any CPU
		{E64045A6-56C2-414E-ABA1-19711BCC81C4}.Release|Any CPU.ActiveCfg = Release|Any CPU
		{E64045A6-56C2-414E-ABA1-19711BCC81C4}.Release|Any CPU.Build.0 = Release|Any CPU
		{84DFDB76-3A56-467C-B915-128BC87DFC70}.Debug|Any CPU.ActiveCfg = Debug|Any CPU
		{84DFDB76-3A56-467C-B915-128BC87DFC70}.Debug|Any CPU.Build.0 = Debug|Any CPU
		{84DFDB76-3A56-467C-B915-128BC87DFC70}.Release|Any CPU.ActiveCfg = Release|Any CPU
		{84DFDB76-3A56-467C-B915-128BC87DFC70}.Release|Any CPU.Build.0 = Release|Any CPU
		{20EEB4C0-61AD-44DE-A582-A2355688C99A}.Debug|Any CPU.ActiveCfg = Debug|Any CPU
		{20EEB4C0-61AD-44DE-A582-A2355688C99A}.Debug|Any CPU.Build.0 = Debug|Any CPU
		{20EEB4C0-61AD-44DE-A582-A2355688C99A}.Release|Any CPU.ActiveCfg = Release|Any CPU
		{20EEB4C0-61AD-44DE-A582-A2355688C99A}.Release|Any CPU.Build.0 = Release|Any CPU
		{7435C5BD-2469-4DC1-899F-224029FC7034}.Debug|Any CPU.ActiveCfg = Debug|Any CPU
		{7435C5BD-2469-4DC1-899F-224029FC7034}.Debug|Any CPU.Build.0 = Debug|Any CPU
		{7435C5BD-2469-4DC1-899F-224029FC7034}.Release|Any CPU.ActiveCfg = Release|Any CPU
		{7435C5BD-2469-4DC1-899F-224029FC7034}.Release|Any CPU.Build.0 = Release|Any CPU
		{8FDFCBBE-5919-48DF-B8C7-0A29D88716EC}.Debug|Any CPU.ActiveCfg = Debug|Any CPU
		{8FDFCBBE-5919-48DF-B8C7-0A29D88716EC}.Debug|Any CPU.Build.0 = Debug|Any CPU
		{8FDFCBBE-5919-48DF-B8C7-0A29D88716EC}.Release|Any CPU.ActiveCfg = Release|Any CPU
		{8FDFCBBE-5919-48DF-B8C7-0A29D88716EC}.Release|Any CPU.Build.0 = Release|Any CPU
		{E003C37C-08D0-4247-A493-71C769BD3D64}.Debug|Any CPU.ActiveCfg = Debug|Any CPU
		{E003C37C-08D0-4247-A493-71C769BD3D64}.Debug|Any CPU.Build.0 = Debug|Any CPU
		{E003C37C-08D0-4247-A493-71C769BD3D64}.Release|Any CPU.ActiveCfg = Release|Any CPU
		{E003C37C-08D0-4247-A493-71C769BD3D64}.Release|Any CPU.Build.0 = Release|Any CPU
		{7241AFA8-44A9-4C9D-AF6F-FDA42F08E8B3}.Debug|Any CPU.ActiveCfg = Debug|Any CPU
		{7241AFA8-44A9-4C9D-AF6F-FDA42F08E8B3}.Debug|Any CPU.Build.0 = Debug|Any CPU
		{7241AFA8-44A9-4C9D-AF6F-FDA42F08E8B3}.Release|Any CPU.ActiveCfg = Release|Any CPU
		{7241AFA8-44A9-4C9D-AF6F-FDA42F08E8B3}.Release|Any CPU.Build.0 = Release|Any CPU
		{FFD622DA-FBC0-4666-8F61-34920D3699D3}.Debug|Any CPU.ActiveCfg = Debug|Any CPU
		{FFD622DA-FBC0-4666-8F61-34920D3699D3}.Debug|Any CPU.Build.0 = Debug|Any CPU
		{FFD622DA-FBC0-4666-8F61-34920D3699D3}.Release|Any CPU.ActiveCfg = Release|Any CPU
		{FFD622DA-FBC0-4666-8F61-34920D3699D3}.Release|Any CPU.Build.0 = Release|Any CPU
		{4761C8C6-96CD-4FC4-84DB-41FC1BB20B01}.Debug|Any CPU.ActiveCfg = Debug|Any CPU
		{4761C8C6-96CD-4FC4-84DB-41FC1BB20B01}.Debug|Any CPU.Build.0 = Debug|Any CPU
		{4761C8C6-96CD-4FC4-84DB-41FC1BB20B01}.Release|Any CPU.ActiveCfg = Release|Any CPU
		{4761C8C6-96CD-4FC4-84DB-41FC1BB20B01}.Release|Any CPU.Build.0 = Release|Any CPU
		{1D753730-F836-48BD-8018-E8C0F6E286FC}.Debug|Any CPU.ActiveCfg = Debug|Any CPU
		{1D753730-F836-48BD-8018-E8C0F6E286FC}.Debug|Any CPU.Build.0 = Debug|Any CPU
		{1D753730-F836-48BD-8018-E8C0F6E286FC}.Release|Any CPU.ActiveCfg = Release|Any CPU
		{1D753730-F836-48BD-8018-E8C0F6E286FC}.Release|Any CPU.Build.0 = Release|Any CPU
	EndGlobalSection
	GlobalSection(SolutionProperties) = preSolution
		HideSolutionNode = FALSE
	EndGlobalSection
	GlobalSection(NestedProjects) = preSolution
		{7435C5BD-2469-4DC1-899F-224029FC7034} = {26A04B86-C877-4E45-8EBD-335573BA051B}
		{E003C37C-08D0-4247-A493-71C769BD3D64} = {26A04B86-C877-4E45-8EBD-335573BA051B}
		{4761C8C6-96CD-4FC4-84DB-41FC1BB20B01} = {26A04B86-C877-4E45-8EBD-335573BA051B}
		{1D753730-F836-48BD-8018-E8C0F6E286FC} = {26A04B86-C877-4E45-8EBD-335573BA051B}
	EndGlobalSection
EndGlobal
